
Microsoft Visual Studio Solution File, Format Version 12.00
# Visual Studio Version 16
VisualStudioVersion = 16.0.31729.503
MinimumVisualStudioVersion = 10.0.40219.1
Project("{FAE04EC0-301F-11D3-BF4B-00C04F79EFBC}") = "Smolin", "Smolin\Smolin.csproj", "{D8F783D6-1E90-43A1-964C-D64450004CF9}"
EndProject
Global
	GlobalSection(SolutionConfigurationPlatforms) = preSolution
		Debug|Any CPU = Debug|Any CPU
		Release|Any CPU = Release|Any CPU
	EndGlobalSection
	GlobalSection(ProjectConfigurationPlatforms) = postSolution
		{D8F783D6-1E90-43A1-964C-D64450004CF9}.Debug|Any CPU.ActiveCfg = Debug|Any CPU
		{D8F783D6-1E90-43A1-964C-D64450004CF9}.Debug|Any CPU.Build.0 = Debug|Any CPU
		{D8F783D6-1E90-43A1-964C-D64450004CF9}.Release|Any CPU.ActiveCfg = Release|Any CPU
		{D8F783D6-1E90-43A1-964C-D64450004CF9}.Release|Any CPU.Build.0 = Release|Any CPU
	EndGlobalSection
	GlobalSection(SolutionProperties) = preSolution
		HideSolutionNode = FALSE
	EndGlobalSection
	GlobalSection(ExtensibilityGlobals) = postSolution
		SolutionGuid = {49CEA005-1A78-481F-B340-7EF6B60A2823}
	EndGlobalSection
EndGlobal
